
Microsoft Visual Studio Solution File, Format Version 12.00
# Visual Studio Version 16
VisualStudioVersion = 16.0.29519.87
MinimumVisualStudioVersion = 10.0.40219.1
Project("{FAE04EC0-301F-11D3-BF4B-00C04F79EFBC}") = "CoreBug", "CoreBug\CoreBug.csproj", "{7B81B218-8ADC-46F9-A967-02A2C01A7010}"
EndProject
Project("{9A19103F-16F7-4668-BE54-9A1E7A4F7556}") = "SpanJson", "SpanJson\SpanJson.csproj", "{013C7DFE-45A1-462B-B24C-929AB696C283}"
EndProject
Global
	GlobalSection(SolutionConfigurationPlatforms) = preSolution
		Debug|Any CPU = Debug|Any CPU
		Release|Any CPU = Release|Any CPU
	EndGlobalSection
	GlobalSection(ProjectConfigurationPlatforms) = postSolution
		{7B81B218-8ADC-46F9-A967-02A2C01A7010}.Debug|Any CPU.ActiveCfg = Debug|Any CPU
		{7B81B218-8ADC-46F9-A967-02A2C01A7010}.Debug|Any CPU.Build.0 = Debug|Any CPU
		{7B81B218-8ADC-46F9-A967-02A2C01A7010}.Release|Any CPU.ActiveCfg = Release|Any CPU
		{7B81B218-8ADC-46F9-A967-02A2C01A7010}.Release|Any CPU.Build.0 = Release|Any CPU
		{013C7DFE-45A1-462B-B24C-929AB696C283}.Debug|Any CPU.ActiveCfg = Debug|Any CPU
		{013C7DFE-45A1-462B-B24C-929AB696C283}.Debug|Any CPU.Build.0 = Debug|Any CPU
		{013C7DFE-45A1-462B-B24C-929AB696C283}.Release|Any CPU.ActiveCfg = Release|Any CPU
		{013C7DFE-45A1-462B-B24C-929AB696C283}.Release|Any CPU.Build.0 = Release|Any CPU
	EndGlobalSection
	GlobalSection(SolutionProperties) = preSolution
		HideSolutionNode = FALSE
	EndGlobalSection
	GlobalSection(ExtensibilityGlobals) = postSolution
		SolutionGuid = {CE53DFD0-DB71-42D4-B6C6-562B72660AFE}
	EndGlobalSection
EndGlobal
